# Pinned author repos vendored under evals/*/external/
# Re-create with: bash evals/setup_external.sh
# Format: <dest-path relative to repo root>  <git-url>  <commit>
evals/team1_qwen3-4b_ariahw/external/rl-rewardhacking            https://github.com/ariahw/rl-rewardhacking.git                     73695ff5533b566f7cc99b02bfeb9168936e740d
evals/team2_qwen3.5-9b_lucabaroni/external/reward-hacking-misalignment  https://github.com/UKGovernmentBEIS/reward-hacking-misalignment.git  169c3c76a02e51092b4023a8c7baba38f41e2800
evals/team3_aisi_olmo7b/external/reward-hacking-misalignment     https://github.com/UKGovernmentBEIS/reward-hacking-misalignment.git  169c3c76a02e51092b4023a8c7baba38f41e2800
evals/team3_aisi_olmo7b/external/reward-hacking-evals            https://github.com/keing1/reward-hacking-evals.git                 20f6490fb046688b776e9ddcf25bbad364659dc8
evals/team4_olmo3-7b-think/external/reward-hacking-evals         https://github.com/keing1/reward-hacking-evals.git                 20f6490fb046688b776e9ddcf25bbad364659dc8

# Symlinks (recreated by setup_external.sh; no separate clone):
#   evals/team5_qwen_ood/external/reward-hacking-evals            -> ../../team4_olmo3-7b-think/external/reward-hacking-evals
#   evals/team7_aisi_misalignment/external/reward-hacking-misalignment -> ../../team3_aisi_olmo7b/external/reward-hacking-misalignment
